
Microsoft Visual Studio Solution File, Format Version 12.00
# Visual Studio 15
VisualStudioVersion = 15.0.26430.16
MinimumVisualStudioVersion = 10.0.40219.1
Project("{FAE04EC0-301F-11D3-BF4B-00C04F79EFBC}") = "Bimangle.ForgeEngine.Revit_R2018", "Bimangle.ForgeEngine.Revit\Bimangle.ForgeEngine.Revit_R2018.csproj", "{63A8F657-00D3-42B1-A5A9-CA1504945037}"
	ProjectSection(ProjectDependencies) = postProject
		{020A9CC2-CA61-4637-93BF-2087A1A9C90A} = {020A9CC2-CA61-4637-93BF-2087A1A9C90A}
	EndProjectSection
EndProject
Project("{FAE04EC0-301F-11D3-BF4B-00C04F79EFBC}") = "Bimangle.ForgeEngine.Revit_R2014", "Bimangle.ForgeEngine.Revit\Bimangle.ForgeEngine.Revit_R2014.csproj", "{9525695A-6022-4F52-8F4A-A37F7F8C681A}"
EndProject
Project("{FAE04EC0-301F-11D3-BF4B-00C04F79EFBC}") = "Bimangle.ForgeEngine.Revit_R2015", "Bimangle.ForgeEngine.Revit\Bimangle.ForgeEngine.Revit_R2015.csproj", "{F8D812C1-E3A3-4773-9DEA-BAB36FF9DABA}"
	ProjectSection(ProjectDependencies) = postProject
		{9525695A-6022-4F52-8F4A-A37F7F8C681A} = {9525695A-6022-4F52-8F4A-A37F7F8C681A}
	EndProjectSection
EndProject
Project("{FAE04EC0-301F-11D3-BF4B-00C04F79EFBC}") = "Bimangle.ForgeEngine.Revit_R2016", "Bimangle.ForgeEngine.Revit\Bimangle.ForgeEngine.Revit_R2016.csproj", "{5EA93FEE-CFB8-4CDB-8456-6821CD874DA1}"
	ProjectSection(ProjectDependencies) = postProject
		{F8D812C1-E3A3-4773-9DEA-BAB36FF9DABA} = {F8D812C1-E3A3-4773-9DEA-BAB36FF9DABA}
	EndProjectSection
EndProject
Project("{FAE04EC0-301F-11D3-BF4B-00C04F79EFBC}") = "Bimangle.ForgeEngine.Revit_R2017", "Bimangle.ForgeEngine.Revit\Bimangle.ForgeEngine.Revit_R2017.csproj", "{020A9CC2-CA61-4637-93BF-2087A1A9C90A}"
	ProjectSection(ProjectDependencies) = postProject
		{5EA93FEE-CFB8-4CDB-8456-6821CD874DA1} = {5EA93FEE-CFB8-4CDB-8456-6821CD874DA1}
	EndProjectSection
EndProject
Project("{FAE04EC0-301F-11D3-BF4B-00C04F79EFBC}") = "Bimangle.ForgeEngine.Revit_R2019", "Bimangle.ForgeEngine.Revit\Bimangle.ForgeEngine.Revit_R2019.csproj", "{6D32E0A6-B2A2-4149-B54C-16A7047878B2}"
	ProjectSection(ProjectDependencies) = postProject
		{63A8F657-00D3-42B1-A5A9-CA1504945037} = {63A8F657-00D3-42B1-A5A9-CA1504945037}
	EndProjectSection
EndProject
Project("{FAE04EC0-301F-11D3-BF4B-00C04F79EFBC}") = "Bimangle.ForgeEngine.Revit_R2020", "Bimangle.ForgeEngine.Revit\Bimangle.ForgeEngine.Revit_R2020.csproj", "{7EC57A2A-0BB4-4C25-99D2-8D7AB07BA0F7}"
	ProjectSection(ProjectDependencies) = postProject
		{6D32E0A6-B2A2-4149-B54C-16A7047878B2} = {6D32E0A6-B2A2-4149-B54C-16A7047878B2}
	EndProjectSection
EndProject
Project("{FAE04EC0-301F-11D3-BF4B-00C04F79EFBC}") = "Bimangle.ForgeEngine.Revit_R2021", "Bimangle.ForgeEngine.Revit\Bimangle.ForgeEngine.Revit_R2021.csproj", "{1A5D5798-1052-493C-9C25-971F662611F7}"
	ProjectSection(ProjectDependencies) = postProject
		{7EC57A2A-0BB4-4C25-99D2-8D7AB07BA0F7} = {7EC57A2A-0BB4-4C25-99D2-8D7AB07BA0F7}
	EndProjectSection
EndProject
Project("{FAE04EC0-301F-11D3-BF4B-00C04F79EFBC}") = "Bimangle.ForgeEngine.Revit_R2022", "Bimangle.ForgeEngine.Revit\Bimangle.ForgeEngine.Revit_R2022.csproj", "{EE3FBFEF-A851-4AE3-86C7-4892EB3A5603}"
	ProjectSection(ProjectDependencies) = postProject
		{1A5D5798-1052-493C-9C25-971F662611F7} = {1A5D5798-1052-493C-9C25-971F662611F7}
	EndProjectSection
EndProject
Project("{FAE04EC0-301F-11D3-BF4B-00C04F79EFBC}") = "Bimangle.ForgeEngine.Nw_R2014", "Bimangle.ForgeEngine.Navisworks\Bimangle.ForgeEngine.Nw_R2014.csproj", "{11E6EB25-8C8E-4409-97C2-CD21CC29F3E6}"
EndProject
Project("{FAE04EC0-301F-11D3-BF4B-00C04F79EFBC}") = "Bimangle.ForgeEngine.Nw_R2015", "Bimangle.ForgeEngine.Navisworks\Bimangle.ForgeEngine.Nw_R2015.csproj", "{3FDE0306-6680-4472-96A8-40C9D396B7FA}"
	ProjectSection(ProjectDependencies) = postProject
		{11E6EB25-8C8E-4409-97C2-CD21CC29F3E6} = {11E6EB25-8C8E-4409-97C2-CD21CC29F3E6}
	EndProjectSection
EndProject
Project("{FAE04EC0-301F-11D3-BF4B-00C04F79EFBC}") = "Bimangle.ForgeEngine.Nw_R2016", "Bimangle.ForgeEngine.Navisworks\Bimangle.ForgeEngine.Nw_R2016.csproj", "{BFE8E619-75EA-4167-A1C8-7434DFAB5CA2}"
	ProjectSection(ProjectDependencies) = postProject
		{3FDE0306-6680-4472-96A8-40C9D396B7FA} = {3FDE0306-6680-4472-96A8-40C9D396B7FA}
	EndProjectSection
EndProject
Project("{FAE04EC0-301F-11D3-BF4B-00C04F79EFBC}") = "Bimangle.ForgeEngine.Nw_R2017", "Bimangle.ForgeEngine.Navisworks\Bimangle.ForgeEngine.Nw_R2017.csproj", "{027B0689-3A83-4740-A1F1-1E270E46FBD1}"
	ProjectSection(ProjectDependencies) = postProject
		{BFE8E619-75EA-4167-A1C8-7434DFAB5CA2} = {BFE8E619-75EA-4167-A1C8-7434DFAB5CA2}
	EndProjectSection
EndProject
Project("{FAE04EC0-301F-11D3-BF4B-00C04F79EFBC}") = "Bimangle.ForgeEngine.Nw_R2018", "Bimangle.ForgeEngine.Navisworks\Bimangle.ForgeEngine.Nw_R2018.csproj", "{E2828C88-DD71-4AAF-9F58-1D4670375CC2}"
	ProjectSection(ProjectDependencies) = postProject
		{027B0689-3A83-4740-A1F1-1E270E46FBD1} = {027B0689-3A83-4740-A1F1-1E270E46FBD1}
	EndProjectSection
EndProject
Project("{FAE04EC0-301F-11D3-BF4B-00C04F79EFBC}") = "Bimangle.ForgeEngine.Nw_R2019", "Bimangle.ForgeEngine.Navisworks\Bimangle.ForgeEngine.Nw_R2019.csproj", "{C3D45301-FA8D-40A1-9EB1-CB3D1C6EDC58}"
	ProjectSection(ProjectDependencies) = postProject
		{E2828C88-DD71-4AAF-9F58-1D4670375CC2} = {E2828C88-DD71-4AAF-9F58-1D4670375CC2}
	EndProjectSection
EndProject
Project("{FAE04EC0-301F-11D3-BF4B-00C04F79EFBC}") = "Bimangle.ForgeEngine.Nw_R2020", "Bimangle.ForgeEngine.Navisworks\Bimangle.ForgeEngine.Nw_R2020.csproj", "{3B5CC7BA-C596-4C79-8B5F-4FF601EFFB26}"
	ProjectSection(ProjectDependencies) = postProject
		{C3D45301-FA8D-40A1-9EB1-CB3D1C6EDC58} = {C3D45301-FA8D-40A1-9EB1-CB3D1C6EDC58}
	EndProjectSection
EndProject
Project("{FAE04EC0-301F-11D3-BF4B-00C04F79EFBC}") = "Bimangle.ForgeEngine.Nw_R2021", "Bimangle.ForgeEngine.Navisworks\Bimangle.ForgeEngine.Nw_R2021.csproj", "{F3CCFCAC-7EB7-47F6-BDC4-B5661832464B}"
	ProjectSection(ProjectDependencies) = postProject
		{3B5CC7BA-C596-4C79-8B5F-4FF601EFFB26} = {3B5CC7BA-C596-4C79-8B5F-4FF601EFFB26}
	EndProjectSection
EndProject
Project("{FAE04EC0-301F-11D3-BF4B-00C04F79EFBC}") = "Bimangle.ForgeEngine.Nw_R2022", "Bimangle.ForgeEngine.Navisworks\Bimangle.ForgeEngine.Nw_R2022.csproj", "{2426C10A-FA45-4539-8191-079D27E8BBB5}"
	ProjectSection(ProjectDependencies) = postProject
		{F3CCFCAC-7EB7-47F6-BDC4-B5661832464B} = {F3CCFCAC-7EB7-47F6-BDC4-B5661832464B}
	EndProjectSection
EndProject
Project("{2150E333-8FDC-42A3-9474-1A3956D46DE8}") = "RVT", "RVT", "{B39EF3C3-77DA-4FEE-B880-4B84FA2173A0}"
EndProject
Project("{2150E333-8FDC-42A3-9474-1A3956D46DE8}") = "NW", "NW", "{EA2A53D5-A9D6-424A-9A8C-DF1519DC31B9}"
EndProject
Project("{2150E333-8FDC-42A3-9474-1A3956D46DE8}") = "DGN", "DGN", "{96131587-2B6A-4495-BF42-CFDA770975BE}"
EndProject
Project("{FAE04EC0-301F-11D3-BF4B-00C04F79EFBC}") = "Bimangle.ForgeEngine.Dgn", "Bimangle.ForgeEngine.Dgn\Bimangle.ForgeEngine.Dgn.csproj", "{868C736F-038B-4514-A54B-407E84F20DF7}"
EndProject
Project("{FAE04EC0-301F-11D3-BF4B-00C04F79EFBC}") = "Build", "Build\Build.csproj", "{BE444FBE-FEB6-4B39-B4F8-3ED376280F69}"
EndProject
Project("{2150E333-8FDC-42A3-9474-1A3956D46DE8}") = "SKP", "SKP", "{8CDFA70B-813A-47F3-98C6-C1128A220BF9}"
EndProject
Project("{FAE04EC0-301F-11D3-BF4B-00C04F79EFBC}") = "Bimangle.ForgeEngine.Navisworks.Automation", "Bimangle.ForgeEngine.Navisworks.Automation\Bimangle.ForgeEngine.Navisworks.Automation.csproj", "{0906A065-74E3-482F-99B4-B6DADD947A4F}"
EndProject
Project("{FAE04EC0-301F-11D3-BF4B-00C04F79EFBC}") = "Bimangle.ForgeEngine.Skp", "Bimangle.ForgeEngine.Skp\Bimangle.ForgeEngine.Skp.csproj", "{66DCAFC7-1F24-4FB5-8F25-310C1ECBFF17}"
EndProject
Project("{FAE04EC0-301F-11D3-BF4B-00C04F79EFBC}") = "Bimangle.ForgeEngine.Georeferncing", "Bimangle.ForgeEngine.Georeferncing\Bimangle.ForgeEngine.Georeferncing.csproj", "{3C32B366-38A8-4943-95B2-09D6427A1E66}"
EndProject
Global
	GlobalSection(SolutionConfigurationPlatforms) = preSolution
		Debug|Any CPU = Debug|Any CPU
		DebugExpress|Any CPU = DebugExpress|Any CPU
		Release|Any CPU = Release|Any CPU
		ReleaseExpress|Any CPU = ReleaseExpress|Any CPU
	EndGlobalSection
	GlobalSection(ProjectConfigurationPlatforms) = postSolution
		{63A8F657-00D3-42B1-A5A9-CA1504945037}.Debug|Any CPU.ActiveCfg = Debug|Any CPU
		{63A8F657-00D3-42B1-A5A9-CA1504945037}.Debug|Any CPU.Build.0 = Debug|Any CPU
		{63A8F657-00D3-42B1-A5A9-CA1504945037}.DebugExpress|Any CPU.ActiveCfg = Debug|Any CPU
		{63A8F657-00D3-42B1-A5A9-CA1504945037}.DebugExpress|Any CPU.Build.0 = Debug|Any CPU
		{63A8F657-00D3-42B1-A5A9-CA1504945037}.Release|Any CPU.ActiveCfg = Release|Any CPU
		{63A8F657-00D3-42B1-A5A9-CA1504945037}.Release|Any CPU.Build.0 = Release|Any CPU
		{63A8F657-00D3-42B1-A5A9-CA1504945037}.ReleaseExpress|Any CPU.ActiveCfg = Release|Any CPU
		{63A8F657-00D3-42B1-A5A9-CA1504945037}.ReleaseExpress|Any CPU.Build.0 = Release|Any CPU
		{9525695A-6022-4F52-8F4A-A37F7F8C681A}.Debug|Any CPU.ActiveCfg = Debug|Any CPU
		{9525695A-6022-4F52-8F4A-A37F7F8C681A}.Debug|Any CPU.Build.0 = Debug|Any CPU
		{9525695A-6022-4F52-8F4A-A37F7F8C681A}.DebugExpress|Any CPU.ActiveCfg = Debug|Any CPU
		{9525695A-6022-4F52-8F4A-A37F7F8C681A}.DebugExpress|Any CPU.Build.0 = Debug|Any CPU
		{9525695A-6022-4F52-8F4A-A37F7F8C681A}.Release|Any CPU.ActiveCfg = Release|Any CPU
		{9525695A-6022-4F52-8F4A-A37F7F8C681A}.Release|Any CPU.Build.0 = Release|Any CPU
		{9525695A-6022-4F52-8F4A-A37F7F8C681A}.ReleaseExpress|Any CPU.ActiveCfg = Release|Any CPU
		{9525695A-6022-4F52-8F4A-A37F7F8C681A}.ReleaseExpress|Any CPU.Build.0 = Release|Any CPU
		{F8D812C1-E3A3-4773-9DEA-BAB36FF9DABA}.Debug|Any CPU.ActiveCfg = Debug|Any CPU
		{F8D812C1-E3A3-4773-9DEA-BAB36FF9DABA}.Debug|Any CPU.Build.0 = Debug|Any CPU
		{F8D812C1-E3A3-4773-9DEA-BAB36FF9DABA}.DebugExpress|Any CPU.ActiveCfg = Debug|Any CPU
		{F8D812C1-E3A3-4773-9DEA-BAB36FF9DABA}.DebugExpress|Any CPU.Build.0 = Debug|Any CPU
		{F8D812C1-E3A3-4773-9DEA-BAB36FF9DABA}.Release|Any CPU.ActiveCfg = Release|Any CPU
		{F8D812C1-E3A3-4773-9DEA-BAB36FF9DABA}.Release|Any CPU.Build.0 = Release|Any CPU
		{F8D812C1-E3A3-4773-9DEA-BAB36FF9DABA}.ReleaseExpress|Any CPU.ActiveCfg = Release|Any CPU
		{F8D812C1-E3A3-4773-9DEA-BAB36FF9DABA}.ReleaseExpress|Any CPU.Build.0 = Release|Any CPU
		{5EA93FEE-CFB8-4CDB-8456-6821CD874DA1}.Debug|Any CPU.ActiveCfg = Debug|Any CPU
		{5EA93FEE-CFB8-4CDB-8456-6821CD874DA1}.Debug|Any CPU.Build.0 = Debug|Any CPU
		{5EA93FEE-CFB8-4CDB-8456-6821CD874DA1}.DebugExpress|Any CPU.ActiveCfg = Debug|Any CPU
		{5EA93FEE-CFB8-4CDB-8456-6821CD874DA1}.DebugExpress|Any CPU.Build.0 = Debug|Any CPU
		{5EA93FEE-CFB8-4CDB-8456-6821CD874DA1}.Release|Any CPU.ActiveCfg = Release|Any CPU
		{5EA93FEE-CFB8-4CDB-8456-6821CD874DA1}.Release|Any CPU.Build.0 = Release|Any CPU
		{5EA93FEE-CFB8-4CDB-8456-6821CD874DA1}.ReleaseExpress|Any CPU.ActiveCfg = Release|Any CPU
		{5EA93FEE-CFB8-4CDB-8456-6821CD874DA1}.ReleaseExpress|Any CPU.Build.0 = Release|Any CPU
		{020A9CC2-CA61-4637-93BF-2087A1A9C90A}.Debug|Any CPU.ActiveCfg = Debug|Any CPU
		{020A9CC2-CA61-4637-93BF-2087A1A9C90A}.Debug|Any CPU.Build.0 = Debug|Any CPU
		{020A9CC2-CA61-4637-93BF-2087A1A9C90A}.DebugExpress|Any CPU.ActiveCfg = Debug|Any CPU
		{020A9CC2-CA61-4637-93BF-2087A1A9C90A}.DebugExpress|Any CPU.Build.0 = Debug|Any CPU
		{020A9CC2-CA61-4637-93BF-2087A1A9C90A}.Release|Any CPU.ActiveCfg = Release|Any CPU
		{020A9CC2-CA61-4637-93BF-2087A1A9C90A}.Release|Any CPU.Build.0 = Release|Any CPU
		{020A9CC2-CA61-4637-93BF-2087A1A9C90A}.ReleaseExpress|Any CPU.ActiveCfg = Release|Any CPU
		{020A9CC2-CA61-4637-93BF-2087A1A9C90A}.ReleaseExpress|Any CPU.Build.0 = Release|Any CPU
		{6D32E0A6-B2A2-4149-B54C-16A7047878B2}.Debug|Any CPU.ActiveCfg = Debug|Any CPU
		{6D32E0A6-B2A2-4149-B54C-16A7047878B2}.Debug|Any CPU.Build.0 = Debug|Any CPU
		{6D32E0A6-B2A2-4149-B54C-16A7047878B2}.DebugExpress|Any CPU.ActiveCfg = Debug|Any CPU
		{6D32E0A6-B2A2-4149-B54C-16A7047878B2}.DebugExpress|Any CPU.Build.0 = Debug|Any CPU
		{6D32E0A6-B2A2-4149-B54C-16A7047878B2}.Release|Any CPU.ActiveCfg = Release|Any CPU
		{6D32E0A6-B2A2-4149-B54C-16A7047878B2}.Release|Any CPU.Build.0 = Release|Any CPU
		{6D32E0A6-B2A2-4149-B54C-16A7047878B2}.ReleaseExpress|Any CPU.ActiveCfg = Release|Any CPU
		{6D32E0A6-B2A2-4149-B54C-16A7047878B2}.ReleaseExpress|Any CPU.Build.0 = Release|Any CPU
		{7EC57A2A-0BB4-4C25-99D2-8D7AB07BA0F7}.Debug|Any CPU.ActiveCfg = Debug|Any CPU
		{7EC57A2A-0BB4-4C25-99D2-8D7AB07BA0F7}.Debug|Any CPU.Build.0 = Debug|Any CPU
		{7EC57A2A-0BB4-4C25-99D2-8D7AB07BA0F7}.DebugExpress|Any CPU.ActiveCfg = Debug|Any CPU
		{7EC57A2A-0BB4-4C25-99D2-8D7AB07BA0F7}.DebugExpress|Any CPU.Build.0 = Debug|Any CPU
		{7EC57A2A-0BB4-4C25-99D2-8D7AB07BA0F7}.Release|Any CPU.ActiveCfg = Release|Any CPU
		{7EC57A2A-0BB4-4C25-99D2-8D7AB07BA0F7}.Release|Any CPU.Build.0 = Release|Any CPU
		{7EC57A2A-0BB4-4C25-99D2-8D7AB07BA0F7}.ReleaseExpress|Any CPU.ActiveCfg = Release|Any CPU
		{7EC57A2A-0BB4-4C25-99D2-8D7AB07BA0F7}.ReleaseExpress|Any CPU.Build.0 = Release|Any CPU
		{1A5D5798-1052-493C-9C25-971F662611F7}.Debug|Any CPU.ActiveCfg = Debug|Any CPU
		{1A5D5798-1052-493C-9C25-971F662611F7}.Debug|Any CPU.Build.0 = Debug|Any CPU
		{1A5D5798-1052-493C-9C25-971F662611F7}.DebugExpress|Any CPU.ActiveCfg = Debug|Any CPU
		{1A5D5798-1052-493C-9C25-971F662611F7}.DebugExpress|Any CPU.Build.0 = Debug|Any CPU
		{1A5D5798-1052-493C-9C25-971F662611F7}.Release|Any CPU.ActiveCfg = Release|Any CPU
		{1A5D5798-1052-493C-9C25-971F662611F7}.Release|Any CPU.Build.0 = Release|Any CPU
		{1A5D5798-1052-493C-9C25-971F662611F7}.ReleaseExpress|Any CPU.ActiveCfg = Release|Any CPU
		{1A5D5798-1052-493C-9C25-971F662611F7}.ReleaseExpress|Any CPU.Build.0 = Release|Any CPU
		{EE3FBFEF-A851-4AE3-86C7-4892EB3A5603}.Debug|Any CPU.ActiveCfg = Debug|Any CPU
		{EE3FBFEF-A851-4AE3-86C7-4892EB3A5603}.Debug|Any CPU.Build.0 = Debug|Any CPU
		{EE3FBFEF-A851-4AE3-86C7-4892EB3A5603}.DebugExpress|Any CPU.ActiveCfg = Debug|Any CPU
		{EE3FBFEF-A851-4AE3-86C7-4892EB3A5603}.DebugExpress|Any CPU.Build.0 = Debug|Any CPU
		{EE3FBFEF-A851-4AE3-86C7-4892EB3A5603}.Release|Any CPU.ActiveCfg = Release|Any CPU
		{EE3FBFEF-A851-4AE3-86C7-4892EB3A5603}.Release|Any CPU.Build.0 = Release|Any CPU
		{EE3FBFEF-A851-4AE3-86C7-4892EB3A5603}.ReleaseExpress|Any CPU.ActiveCfg = Release|Any CPU
		{EE3FBFEF-A851-4AE3-86C7-4892EB3A5603}.ReleaseExpress|Any CPU.Build.0 = Release|Any CPU
		{11E6EB25-8C8E-4409-97C2-CD21CC29F3E6}.Debug|Any CPU.ActiveCfg = Debug|Any CPU
		{11E6EB25-8C8E-4409-97C2-CD21CC29F3E6}.Debug|Any CPU.Build.0 = Debug|Any CPU
		{11E6EB25-8C8E-4409-97C2-CD21CC29F3E6}.DebugExpress|Any CPU.ActiveCfg = Debug|Any CPU
		{11E6EB25-8C8E-4409-97C2-CD21CC29F3E6}.DebugExpress|Any CPU.Build.0 = Debug|Any CPU
		{11E6EB25-8C8E-4409-97C2-CD21CC29F3E6}.Release|Any CPU.ActiveCfg = Release|Any CPU
		{11E6EB25-8C8E-4409-97C2-CD21CC29F3E6}.Release|Any CPU.Build.0 = Release|Any CPU
		{11E6EB25-8C8E-4409-97C2-CD21CC29F3E6}.ReleaseExpress|Any CPU.ActiveCfg = Release|Any CPU
		{11E6EB25-8C8E-4409-97C2-CD21CC29F3E6}.ReleaseExpress|Any CPU.Build.0 = Release|Any CPU
		{3FDE0306-6680-4472-96A8-40C9D396B7FA}.Debug|Any CPU.ActiveCfg = Debug|Any CPU
		{3FDE0306-6680-4472-96A8-40C9D396B7FA}.Debug|Any CPU.Build.0 = Debug|Any CPU
		{3FDE0306-6680-4472-96A8-40C9D396B7FA}.DebugExpress|Any CPU.ActiveCfg = Debug|Any CPU
		{3FDE0306-6680-4472-96A8-40C9D396B7FA}.DebugExpress|Any CPU.Build.0 = Debug|Any CPU
		{3FDE0306-6680-4472-96A8-40C9D396B7FA}.Release|Any CPU.ActiveCfg = Release|Any CPU
		{3FDE0306-6680-4472-96A8-40C9D396B7FA}.Release|Any CPU.Build.0 = Release|Any CPU
		{3FDE0306-6680-4472-96A8-40C9D396B7FA}.ReleaseExpress|Any CPU.ActiveCfg = Release|Any CPU
		{3FDE0306-6680-4472-96A8-40C9D396B7FA}.ReleaseExpress|Any CPU.Build.0 = Release|Any CPU
		{BFE8E619-75EA-4167-A1C8-7434DFAB5CA2}.Debug|Any CPU.ActiveCfg = Debug|Any CPU
		{BFE8E619-75EA-4167-A1C8-7434DFAB5CA2}.Debug|Any CPU.Build.0 = Debug|Any CPU
		{BFE8E619-75EA-4167-A1C8-7434DFAB5CA2}.DebugExpress|Any CPU.ActiveCfg = Debug|Any CPU
		{BFE8E619-75EA-4167-A1C8-7434DFAB5CA2}.DebugExpress|Any CPU.Build.0 = Debug|Any CPU
		{BFE8E619-75EA-4167-A1C8-7434DFAB5CA2}.Release|Any CPU.ActiveCfg = Release|Any CPU
		{BFE8E619-75EA-4167-A1C8-7434DFAB5CA2}.Release|Any CPU.Build.0 = Release|Any CPU
		{BFE8E619-75EA-4167-A1C8-7434DFAB5CA2}.ReleaseExpress|Any CPU.ActiveCfg = Release|Any CPU
		{BFE8E619-75EA-4167-A1C8-7434DFAB5CA2}.ReleaseExpress|Any CPU.Build.0 = Release|Any CPU
		{027B0689-3A83-4740-A1F1-1E270E46FBD1}.Debug|Any CPU.ActiveCfg = Debug|Any CPU
		{027B0689-3A83-4740-A1F1-1E270E46FBD1}.Debug|Any CPU.Build.0 = Debug|Any CPU
		{027B0689-3A83-4740-A1F1-1E270E46FBD1}.DebugExpress|Any CPU.ActiveCfg = Debug|Any CPU
		{027B0689-3A83-4740-A1F1-1E270E46FBD1}.DebugExpress|Any CPU.Build.0 = Debug|Any CPU
		{027B0689-3A83-4740-A1F1-1E270E46FBD1}.Release|Any CPU.ActiveCfg = Release|Any CPU
		{027B0689-3A83-4740-A1F1-1E270E46FBD1}.Release|Any CPU.Build.0 = Release|Any CPU
		{027B0689-3A83-4740-A1F1-1E270E46FBD1}.ReleaseExpress|Any CPU.ActiveCfg = Release|Any CPU
		{027B0689-3A83-4740-A1F1-1E270E46FBD1}.ReleaseExpress|Any CPU.Build.0 = Release|Any CPU
		{E2828C88-DD71-4AAF-9F58-1D4670375CC2}.Debug|Any CPU.ActiveCfg = Debug|Any CPU
		{E2828C88-DD71-4AAF-9F58-1D4670375CC2}.Debug|Any CPU.Build.0 = Debug|Any CPU
		{E2828C88-DD71-4AAF-9F58-1D4670375CC2}.DebugExpress|Any CPU.ActiveCfg = Debug|Any CPU
		{E2828C88-DD71-4AAF-9F58-1D4670375CC2}.DebugExpress|Any CPU.Build.0 = Debug|Any CPU
		{E2828C88-DD71-4AAF-9F58-1D4670375CC2}.Release|Any CPU.ActiveCfg = Release|Any CPU
		{E2828C88-DD71-4AAF-9F58-1D4670375CC2}.Release|Any CPU.Build.0 = Release|Any CPU
		{E2828C88-DD71-4AAF-9F58-1D4670375CC2}.ReleaseExpress|Any CPU.ActiveCfg = Release|Any CPU
		{E2828C88-DD71-4AAF-9F58-1D4670375CC2}.ReleaseExpress|Any CPU.Build.0 = Release|Any CPU
		{C3D45301-FA8D-40A1-9EB1-CB3D1C6EDC58}.Debug|Any CPU.ActiveCfg = Debug|Any CPU
		{C3D45301-FA8D-40A1-9EB1-CB3D1C6EDC58}.Debug|Any CPU.Build.0 = Debug|Any CPU
		{C3D45301-FA8D-40A1-9EB1-CB3D1C6EDC58}.DebugExpress|Any CPU.ActiveCfg = Debug|Any CPU
		{C3D45301-FA8D-40A1-9EB1-CB3D1C6EDC58}.DebugExpress|Any CPU.Build.0 = Debug|Any CPU
		{C3D45301-FA8D-40A1-9EB1-CB3D1C6EDC58}.Release|Any CPU.ActiveCfg = Release|Any CPU
		{C3D45301-FA8D-40A1-9EB1-CB3D1C6EDC58}.Release|Any CPU.Build.0 = Release|Any CPU
		{C3D45301-FA8D-40A1-9EB1-CB3D1C6EDC58}.ReleaseExpress|Any CPU.ActiveCfg = Release|Any CPU
		{C3D45301-FA8D-40A1-9EB1-CB3D1C6EDC58}.ReleaseExpress|Any CPU.Build.0 = Release|Any CPU
		{3B5CC7BA-C596-4C79-8B5F-4FF601EFFB26}.Debug|Any CPU.ActiveCfg = Debug|Any CPU
		{3B5CC7BA-C596-4C79-8B5F-4FF601EFFB26}.Debug|Any CPU.Build.0 = Debug|Any CPU
		{3B5CC7BA-C596-4C79-8B5F-4FF601EFFB26}.DebugExpress|Any CPU.ActiveCfg = Debug|Any CPU
		{3B5CC7BA-C596-4C79-8B5F-4FF601EFFB26}.DebugExpress|Any CPU.Build.0 = Debug|Any CPU
		{3B5CC7BA-C596-4C79-8B5F-4FF601EFFB26}.Release|Any CPU.ActiveCfg = Release|Any CPU
		{3B5CC7BA-C596-4C79-8B5F-4FF601EFFB26}.Release|Any CPU.Build.0 = Release|Any CPU
		{3B5CC7BA-C596-4C79-8B5F-4FF601EFFB26}.ReleaseExpress|Any CPU.ActiveCfg = Release|Any CPU
		{3B5CC7BA-C596-4C79-8B5F-4FF601EFFB26}.ReleaseExpress|Any CPU.Build.0 = Release|Any CPU
		{F3CCFCAC-7EB7-47F6-BDC4-B5661832464B}.Debug|Any CPU.ActiveCfg = Debug|Any CPU
		{F3CCFCAC-7EB7-47F6-BDC4-B5661832464B}.Debug|Any CPU.Build.0 = Debug|Any CPU
		{F3CCFCAC-7EB7-47F6-BDC4-B5661832464B}.DebugExpress|Any CPU.ActiveCfg = Debug|Any CPU
		{F3CCFCAC-7EB7-47F6-BDC4-B5661832464B}.DebugExpress|Any CPU.Build.0 = Debug|Any CPU
		{F3CCFCAC-7EB7-47F6-BDC4-B5661832464B}.Release|Any CPU.ActiveCfg = Release|Any CPU
		{F3CCFCAC-7EB7-47F6-BDC4-B5661832464B}.Release|Any CPU.Build.0 = Release|Any CPU
		{F3CCFCAC-7EB7-47F6-BDC4-B5661832464B}.ReleaseExpress|Any CPU.ActiveCfg = Release|Any CPU
		{F3CCFCAC-7EB7-47F6-BDC4-B5661832464B}.ReleaseExpress|Any CPU.Build.0 = Release|Any CPU
		{2426C10A-FA45-4539-8191-079D27E8BBB5}.Debug|Any CPU.ActiveCfg = Debug|Any CPU
		{2426C10A-FA45-4539-8191-079D27E8BBB5}.Debug|Any CPU.Build.0 = Debug|Any CPU
		{2426C10A-FA45-4539-8191-079D27E8BBB5}.DebugExpress|Any CPU.ActiveCfg = Debug|Any CPU
		{2426C10A-FA45-4539-8191-079D27E8BBB5}.DebugExpress|Any CPU.Build.0 = Debug|Any CPU
		{2426C10A-FA45-4539-8191-079D27E8BBB5}.Release|Any CPU.ActiveCfg = Release|Any CPU
		{2426C10A-FA45-4539-8191-079D27E8BBB5}.Release|Any CPU.Build.0 = Release|Any CPU
		{2426C10A-FA45-4539-8191-079D27E8BBB5}.ReleaseExpress|Any CPU.ActiveCfg = Release|Any CPU
		{2426C10A-FA45-4539-8191-079D27E8BBB5}.ReleaseExpress|Any CPU.Build.0 = Release|Any CPU
		{868C736F-038B-4514-A54B-407E84F20DF7}.Debug|Any CPU.ActiveCfg = Debug|Any CPU
		{868C736F-038B-4514-A54B-407E84F20DF7}.Debug|Any CPU.Build.0 = Debug|Any CPU
		{868C736F-038B-4514-A54B-407E84F20DF7}.DebugExpress|Any CPU.ActiveCfg = Debug|Any CPU
		{868C736F-038B-4514-A54B-407E84F20DF7}.DebugExpress|Any CPU.Build.0 = Debug|Any CPU
		{868C736F-038B-4514-A54B-407E84F20DF7}.Release|Any CPU.ActiveCfg = Release|Any CPU
		{868C736F-038B-4514-A54B-407E84F20DF7}.Release|Any CPU.Build.0 = Release|Any CPU
		{868C736F-038B-4514-A54B-407E84F20DF7}.ReleaseExpress|Any CPU.ActiveCfg = Release|Any CPU
		{868C736F-038B-4514-A54B-407E84F20DF7}.ReleaseExpress|Any CPU.Build.0 = Release|Any CPU
		{BE444FBE-FEB6-4B39-B4F8-3ED376280F69}.Debug|Any CPU.ActiveCfg = Debug|Any CPU
		{BE444FBE-FEB6-4B39-B4F8-3ED376280F69}.Debug|Any CPU.Build.0 = Debug|Any CPU
		{BE444FBE-FEB6-4B39-B4F8-3ED376280F69}.DebugExpress|Any CPU.ActiveCfg = Debug|Any CPU
		{BE444FBE-FEB6-4B39-B4F8-3ED376280F69}.DebugExpress|Any CPU.Build.0 = Debug|Any CPU
		{BE444FBE-FEB6-4B39-B4F8-3ED376280F69}.Release|Any CPU.ActiveCfg = Release|Any CPU
		{BE444FBE-FEB6-4B39-B4F8-3ED376280F69}.Release|Any CPU.Build.0 = Release|Any CPU
		{BE444FBE-FEB6-4B39-B4F8-3ED376280F69}.ReleaseExpress|Any CPU.ActiveCfg = Release|Any CPU
		{BE444FBE-FEB6-4B39-B4F8-3ED376280F69}.ReleaseExpress|Any CPU.Build.0 = Release|Any CPU
		{0906A065-74E3-482F-99B4-B6DADD947A4F}.Debug|Any CPU.ActiveCfg = Debug|Any CPU
		{0906A065-74E3-482F-99B4-B6DADD947A4F}.Debug|Any CPU.Build.0 = Debug|Any CPU
		{0906A065-74E3-482F-99B4-B6DADD947A4F}.DebugExpress|Any CPU.ActiveCfg = Debug|Any CPU
		{0906A065-74E3-482F-99B4-B6DADD947A4F}.DebugExpress|Any CPU.Build.0 = Debug|Any CPU
		{0906A065-74E3-482F-99B4-B6DADD947A4F}.Release|Any CPU.ActiveCfg = Release|Any CPU
		{0906A065-74E3-482F-99B4-B6DADD947A4F}.Release|Any CPU.Build.0 = Release|Any CPU
		{0906A065-74E3-482F-99B4-B6DADD947A4F}.ReleaseExpress|Any CPU.ActiveCfg = Release|Any CPU
		{0906A065-74E3-482F-99B4-B6DADD947A4F}.ReleaseExpress|Any CPU.Build.0 = Release|Any CPU
		{66DCAFC7-1F24-4FB5-8F25-310C1ECBFF17}.Debug|Any CPU.ActiveCfg = Debug|Any CPU
		{66DCAFC7-1F24-4FB5-8F25-310C1ECBFF17}.Debug|Any CPU.Build.0 = Debug|Any CPU
		{66DCAFC7-1F24-4FB5-8F25-310C1ECBFF17}.DebugExpress|Any CPU.ActiveCfg = DebugExpress|Any CPU
		{66DCAFC7-1F24-4FB5-8F25-310C1ECBFF17}.DebugExpress|Any CPU.Build.0 = DebugExpress|Any CPU
		{66DCAFC7-1F24-4FB5-8F25-310C1ECBFF17}.Release|Any CPU.ActiveCfg = Release|Any CPU
		{66DCAFC7-1F24-4FB5-8F25-310C1ECBFF17}.Release|Any CPU.Build.0 = Release|Any CPU
		{66DCAFC7-1F24-4FB5-8F25-310C1ECBFF17}.ReleaseExpress|Any CPU.ActiveCfg = ReleaseExpress|Any CPU
		{66DCAFC7-1F24-4FB5-8F25-310C1ECBFF17}.ReleaseExpress|Any CPU.Build.0 = ReleaseExpress|Any CPU
		{3C32B366-38A8-4943-95B2-09D6427A1E66}.Debug|Any CPU.ActiveCfg = Debug|Any CPU
		{3C32B366-38A8-4943-95B2-09D6427A1E66}.Debug|Any CPU.Build.0 = Debug|Any CPU
		{3C32B366-38A8-4943-95B2-09D6427A1E66}.DebugExpress|Any CPU.ActiveCfg = Debug|Any CPU
		{3C32B366-38A8-4943-95B2-09D6427A1E66}.DebugExpress|Any CPU.Build.0 = Debug|Any CPU
		{3C32B366-38A8-4943-95B2-09D6427A1E66}.Release|Any CPU.ActiveCfg = Release|Any CPU
		{3C32B366-38A8-4943-95B2-09D6427A1E66}.Release|Any CPU.Build.0 = Release|Any CPU
		{3C32B366-38A8-4943-95B2-09D6427A1E66}.ReleaseExpress|Any CPU.ActiveCfg = Release|Any CPU
		{3C32B366-38A8-4943-95B2-09D6427A1E66}.ReleaseExpress|Any CPU.Build.0 = Release|Any CPU
	EndGlobalSection
	GlobalSection(SolutionProperties) = preSolution
		HideSolutionNode = FALSE
	EndGlobalSection
	GlobalSection(NestedProjects) = preSolution
		{63A8F657-00D3-42B1-A5A9-CA1504945037} = {B39EF3C3-77DA-4FEE-B880-4B84FA2173A0}
		{9525695A-6022-4F52-8F4A-A37F7F8C681A} = {B39EF3C3-77DA-4FEE-B880-4B84FA2173A0}
		{F8D812C1-E3A3-4773-9DEA-BAB36FF9DABA} = {B39EF3C3-77DA-4FEE-B880-4B84FA2173A0}
		{5EA93FEE-CFB8-4CDB-8456-6821CD874DA1} = {B39EF3C3-77DA-4FEE-B880-4B84FA2173A0}
		{020A9CC2-CA61-4637-93BF-2087A1A9C90A} = {B39EF3C3-77DA-4FEE-B880-4B84FA2173A0}
		{6D32E0A6-B2A2-4149-B54C-16A7047878B2} = {B39EF3C3-77DA-4FEE-B880-4B84FA2173A0}
		{7EC57A2A-0BB4-4C25-99D2-8D7AB07BA0F7} = {B39EF3C3-77DA-4FEE-B880-4B84FA2173A0}
		{1A5D5798-1052-493C-9C25-971F662611F7} = {B39EF3C3-77DA-4FEE-B880-4B84FA2173A0}
		{EE3FBFEF-A851-4AE3-86C7-4892EB3A5603} = {B39EF3C3-77DA-4FEE-B880-4B84FA2173A0}
		{11E6EB25-8C8E-4409-97C2-CD21CC29F3E6} = {EA2A53D5-A9D6-424A-9A8C-DF1519DC31B9}
		{3FDE0306-6680-4472-96A8-40C9D396B7FA} = {EA2A53D5-A9D6-424A-9A8C-DF1519DC31B9}
		{BFE8E619-75EA-4167-A1C8-7434DFAB5CA2} = {EA2A53D5-A9D6-424A-9A8C-DF1519DC31B9}
		{027B0689-3A83-4740-A1F1-1E270E46FBD1} = {EA2A53D5-A9D6-424A-9A8C-DF1519DC31B9}
		{E2828C88-DD71-4AAF-9F58-1D4670375CC2} = {EA2A53D5-A9D6-424A-9A8C-DF1519DC31B9}
		{C3D45301-FA8D-40A1-9EB1-CB3D1C6EDC58} = {EA2A53D5-A9D6-424A-9A8C-DF1519DC31B9}
		{3B5CC7BA-C596-4C79-8B5F-4FF601EFFB26} = {EA2A53D5-A9D6-424A-9A8C-DF1519DC31B9}
		{F3CCFCAC-7EB7-47F6-BDC4-B5661832464B} = {EA2A53D5-A9D6-424A-9A8C-DF1519DC31B9}
		{2426C10A-FA45-4539-8191-079D27E8BBB5} = {EA2A53D5-A9D6-424A-9A8C-DF1519DC31B9}
		{868C736F-038B-4514-A54B-407E84F20DF7} = {96131587-2B6A-4495-BF42-CFDA770975BE}
		{0906A065-74E3-482F-99B4-B6DADD947A4F} = {EA2A53D5-A9D6-424A-9A8C-DF1519DC31B9}
		{66DCAFC7-1F24-4FB5-8F25-310C1ECBFF17} = {8CDFA70B-813A-47F3-98C6-C1128A220BF9}
	EndGlobalSection
	GlobalSection(ExtensibilityGlobals) = postSolution
		SolutionGuid = {661FB9C3-F8C1-401F-8B2C-0789A9EC6570}
	EndGlobalSection
EndGlobal
