
Microsoft Visual Studio Solution File, Format Version 12.00
# Visual Studio 15
VisualStudioVersion = 15.0.27703.2035
MinimumVisualStudioVersion = 10.0.40219.1
Project("{FAE04EC0-301F-11D3-BF4B-00C04F79EFBC}") = "Bimangle.ForgeEngine.Dwg", "Bimangle.ForgeEngine.Dwg\Bimangle.ForgeEngine.Dwg.csproj", "{C67DC1D3-5DC1-4D42-9A44-26472D3D2272}"
EndProject
Global
	GlobalSection(SolutionConfigurationPlatforms) = preSolution
		Debug|Any CPU = Debug|Any CPU
		Release|Any CPU = Release|Any CPU
	EndGlobalSection
	GlobalSection(ProjectConfigurationPlatforms) = postSolution
		{C67DC1D3-5DC1-4D42-9A44-26472D3D2272}.Debug|Any CPU.ActiveCfg = Debug|Any CPU
		{C67DC1D3-5DC1-4D42-9A44-26472D3D2272}.Debug|Any CPU.Build.0 = Debug|Any CPU
		{C67DC1D3-5DC1-4D42-9A44-26472D3D2272}.Release|Any CPU.ActiveCfg = Release|Any CPU
		{C67DC1D3-5DC1-4D42-9A44-26472D3D2272}.Release|Any CPU.Build.0 = Release|Any CPU
	EndGlobalSection
	GlobalSection(SolutionProperties) = preSolution
		HideSolutionNode = FALSE
	EndGlobalSection
	GlobalSection(ExtensibilityGlobals) = postSolution
		SolutionGuid = {6BDEA4A9-E86A-4BD0-825A-66A045895445}
	EndGlobalSection
EndGlobal
