
Microsoft Visual Studio Solution File, Format Version 12.00
# Visual Studio 15
VisualStudioVersion = 15.0.26430.16
MinimumVisualStudioVersion = 10.0.40219.1
Project("{FAE04EC0-301F-11D3-BF4B-00C04F79EFBC}") = "Bimangle.ForgeEngine.Georeferncing", "Bimangle.ForgeEngine.Georeferncing\Bimangle.ForgeEngine.Georeferncing.csproj", "{3C32B366-38A8-4943-95B2-09D6427A1E66}"
EndProject
Project("{FAE04EC0-301F-11D3-BF4B-00C04F79EFBC}") = "Bimangle.ForgeEngine.Nw_R2025", "Bimangle.ForgeEngine.Navisworks\Bimangle.ForgeEngine.Nw_R2025.csproj", "{77D20782-2BF0-4CBE-9457-5C9896219E3C}"
EndProject
Global
	GlobalSection(SolutionConfigurationPlatforms) = preSolution
		Debug|Any CPU = Debug|Any CPU
		DebugExpress|Any CPU = DebugExpress|Any CPU
		Release|Any CPU = Release|Any CPU
		ReleaseExpress|Any CPU = ReleaseExpress|Any CPU
	EndGlobalSection
	GlobalSection(ProjectConfigurationPlatforms) = postSolution
		{3C32B366-38A8-4943-95B2-09D6427A1E66}.Debug|Any CPU.ActiveCfg = Debug|Any CPU
		{3C32B366-38A8-4943-95B2-09D6427A1E66}.Debug|Any CPU.Build.0 = Debug|Any CPU
		{3C32B366-38A8-4943-95B2-09D6427A1E66}.DebugExpress|Any CPU.ActiveCfg = Debug|Any CPU
		{3C32B366-38A8-4943-95B2-09D6427A1E66}.DebugExpress|Any CPU.Build.0 = Debug|Any CPU
		{3C32B366-38A8-4943-95B2-09D6427A1E66}.Release|Any CPU.ActiveCfg = Release|Any CPU
		{3C32B366-38A8-4943-95B2-09D6427A1E66}.Release|Any CPU.Build.0 = Release|Any CPU
		{3C32B366-38A8-4943-95B2-09D6427A1E66}.ReleaseExpress|Any CPU.ActiveCfg = Release|Any CPU
		{3C32B366-38A8-4943-95B2-09D6427A1E66}.ReleaseExpress|Any CPU.Build.0 = Release|Any CPU
		{77D20782-2BF0-4CBE-9457-5C9896219E3C}.Debug|Any CPU.ActiveCfg = Debug|Any CPU
		{77D20782-2BF0-4CBE-9457-5C9896219E3C}.Debug|Any CPU.Build.0 = Debug|Any CPU
		{77D20782-2BF0-4CBE-9457-5C9896219E3C}.DebugExpress|Any CPU.ActiveCfg = Debug|Any CPU
		{77D20782-2BF0-4CBE-9457-5C9896219E3C}.DebugExpress|Any CPU.Build.0 = Debug|Any CPU
		{77D20782-2BF0-4CBE-9457-5C9896219E3C}.Release|Any CPU.ActiveCfg = Release|Any CPU
		{77D20782-2BF0-4CBE-9457-5C9896219E3C}.Release|Any CPU.Build.0 = Release|Any CPU
		{77D20782-2BF0-4CBE-9457-5C9896219E3C}.ReleaseExpress|Any CPU.ActiveCfg = Release|Any CPU
		{77D20782-2BF0-4CBE-9457-5C9896219E3C}.ReleaseExpress|Any CPU.Build.0 = Release|Any CPU
	EndGlobalSection
	GlobalSection(SolutionProperties) = preSolution
		HideSolutionNode = FALSE
	EndGlobalSection
	GlobalSection(ExtensibilityGlobals) = postSolution
		SolutionGuid = {661FB9C3-F8C1-401F-8B2C-0789A9EC6570}
	EndGlobalSection
EndGlobal
