
Microsoft Visual Studio Solution File, Format Version 12.00
# Visual Studio 15
VisualStudioVersion = 15.0.26730.12
MinimumVisualStudioVersion = 10.0.40219.1
Project("{FAE04EC0-301F-11D3-BF4B-00C04F79EFBC}") = "Bimangle.ForgeEngine.Nw_R2021", "Bimangle.ForgeEngine.Navisworks\Bimangle.ForgeEngine.Nw_R2021.csproj", "{F3CCFCAC-7EB7-47F6-BDC4-B5661832464B}"
EndProject
Project("{FAE04EC0-301F-11D3-BF4B-00C04F79EFBC}") = "Bimangle.ForgeEngine.Georeferncing", "Bimangle.ForgeEngine.Georeferncing\Bimangle.ForgeEngine.Georeferncing.csproj", "{3C32B366-38A8-4943-95B2-09D6427A1E66}"
EndProject
Global
	GlobalSection(SolutionConfigurationPlatforms) = preSolution
		Debug|Any CPU = Debug|Any CPU
		Debug|x64 = Debug|x64
		Release|Any CPU = Release|Any CPU
		Release|x64 = Release|x64
	EndGlobalSection
	GlobalSection(ProjectConfigurationPlatforms) = postSolution
		{F3CCFCAC-7EB7-47F6-BDC4-B5661832464B}.Debug|Any CPU.ActiveCfg = Debug|Any CPU
		{F3CCFCAC-7EB7-47F6-BDC4-B5661832464B}.Debug|Any CPU.Build.0 = Debug|Any CPU
		{F3CCFCAC-7EB7-47F6-BDC4-B5661832464B}.Debug|x64.ActiveCfg = Debug|Any CPU
		{F3CCFCAC-7EB7-47F6-BDC4-B5661832464B}.Debug|x64.Build.0 = Debug|Any CPU
		{F3CCFCAC-7EB7-47F6-BDC4-B5661832464B}.Release|Any CPU.ActiveCfg = Release|Any CPU
		{F3CCFCAC-7EB7-47F6-BDC4-B5661832464B}.Release|Any CPU.Build.0 = Release|Any CPU
		{F3CCFCAC-7EB7-47F6-BDC4-B5661832464B}.Release|x64.ActiveCfg = Release|Any CPU
		{F3CCFCAC-7EB7-47F6-BDC4-B5661832464B}.Release|x64.Build.0 = Release|Any CPU
		{3C32B366-38A8-4943-95B2-09D6427A1E66}.Debug|Any CPU.ActiveCfg = Debug|Any CPU
		{3C32B366-38A8-4943-95B2-09D6427A1E66}.Debug|Any CPU.Build.0 = Debug|Any CPU
		{3C32B366-38A8-4943-95B2-09D6427A1E66}.Debug|x64.ActiveCfg = Debug|Any CPU
		{3C32B366-38A8-4943-95B2-09D6427A1E66}.Debug|x64.Build.0 = Debug|Any CPU
		{3C32B366-38A8-4943-95B2-09D6427A1E66}.Release|Any CPU.ActiveCfg = Release|Any CPU
		{3C32B366-38A8-4943-95B2-09D6427A1E66}.Release|Any CPU.Build.0 = Release|Any CPU
		{3C32B366-38A8-4943-95B2-09D6427A1E66}.Release|x64.ActiveCfg = Release|Any CPU
		{3C32B366-38A8-4943-95B2-09D6427A1E66}.Release|x64.Build.0 = Release|Any CPU
	EndGlobalSection
	GlobalSection(SolutionProperties) = preSolution
		HideSolutionNode = FALSE
	EndGlobalSection
	GlobalSection(ExtensibilityGlobals) = postSolution
		SolutionGuid = {3CC48024-1DAA-4FAB-AD3F-A24F66986185}
	EndGlobalSection
EndGlobal
