
Microsoft Visual Studio Solution File, Format Version 12.00
# Visual Studio 15
VisualStudioVersion = 15.0.26430.16
MinimumVisualStudioVersion = 10.0.40219.1
Project("{FAE04EC0-301F-11D3-BF4B-00C04F79EFBC}") = "Bimangle.ForgeEngine.Revit_R2021", "Bimangle.ForgeEngine.Revit\Bimangle.ForgeEngine.Revit_R2021.csproj", "{1A5D5798-1052-493C-9C25-971F662611F7}"
EndProject
Project("{FAE04EC0-301F-11D3-BF4B-00C04F79EFBC}") = "Bimangle.ForgeEngine.Georeferncing", "Bimangle.ForgeEngine.Georeferncing\Bimangle.ForgeEngine.Georeferncing.csproj", "{3C32B366-38A8-4943-95B2-09D6427A1E66}"
EndProject
Global
	GlobalSection(SolutionConfigurationPlatforms) = preSolution
		Debug|Any CPU = Debug|Any CPU
		Release|Any CPU = Release|Any CPU
	EndGlobalSection
	GlobalSection(ProjectConfigurationPlatforms) = postSolution
		{1A5D5798-1052-493C-9C25-971F662611F7}.Debug|Any CPU.ActiveCfg = Debug|Any CPU
		{1A5D5798-1052-493C-9C25-971F662611F7}.Debug|Any CPU.Build.0 = Debug|Any CPU
		{1A5D5798-1052-493C-9C25-971F662611F7}.Release|Any CPU.ActiveCfg = Release|Any CPU
		{1A5D5798-1052-493C-9C25-971F662611F7}.Release|Any CPU.Build.0 = Release|Any CPU
		{3C32B366-38A8-4943-95B2-09D6427A1E66}.Debug|Any CPU.ActiveCfg = Debug|Any CPU
		{3C32B366-38A8-4943-95B2-09D6427A1E66}.Debug|Any CPU.Build.0 = Debug|Any CPU
		{3C32B366-38A8-4943-95B2-09D6427A1E66}.Release|Any CPU.ActiveCfg = Release|Any CPU
		{3C32B366-38A8-4943-95B2-09D6427A1E66}.Release|Any CPU.Build.0 = Release|Any CPU
	EndGlobalSection
	GlobalSection(SolutionProperties) = preSolution
		HideSolutionNode = FALSE
	EndGlobalSection
	GlobalSection(ExtensibilityGlobals) = postSolution
		SolutionGuid = {6DAFC3D7-6FFA-41D4-8D84-337890EF2150}
	EndGlobalSection
EndGlobal
