
Microsoft Visual Studio Solution File, Format Version 12.00
# Visual Studio 15
VisualStudioVersion = 15.0.26430.16
MinimumVisualStudioVersion = 10.0.40219.1
Project("{FAE04EC0-301F-11D3-BF4B-00C04F79EFBC}") = "Bimangle.ForgeEngine.Revit_R2017", "Bimangle.ForgeEngine.Revit\Bimangle.ForgeEngine.Revit_R2017.csproj", "{020A9CC2-CA61-4637-93BF-2087A1A9C90A}"
EndProject
Project("{FAE04EC0-301F-11D3-BF4B-00C04F79EFBC}") = "Bimangle.ForgeEngine.GeoreferncingWpf", "Bimangle.ForgeEngine.GeoreferncingWpf\Bimangle.ForgeEngine.GeoreferncingWpf.csproj", "{E3D7DF87-30E3-4EA3-8570-AC06A217D9B4}"
EndProject
Global
	GlobalSection(SolutionConfigurationPlatforms) = preSolution
		Debug|Any CPU = Debug|Any CPU
		Release|Any CPU = Release|Any CPU
	EndGlobalSection
	GlobalSection(ProjectConfigurationPlatforms) = postSolution
		{020A9CC2-CA61-4637-93BF-2087A1A9C90A}.Debug|Any CPU.ActiveCfg = Debug|Any CPU
		{020A9CC2-CA61-4637-93BF-2087A1A9C90A}.Debug|Any CPU.Build.0 = Debug|Any CPU
		{020A9CC2-CA61-4637-93BF-2087A1A9C90A}.Release|Any CPU.ActiveCfg = Release|Any CPU
		{020A9CC2-CA61-4637-93BF-2087A1A9C90A}.Release|Any CPU.Build.0 = Release|Any CPU
		{E3D7DF87-30E3-4EA3-8570-AC06A217D9B4}.Debug|Any CPU.ActiveCfg = Debug|Any CPU
		{E3D7DF87-30E3-4EA3-8570-AC06A217D9B4}.Debug|Any CPU.Build.0 = Debug|Any CPU
		{E3D7DF87-30E3-4EA3-8570-AC06A217D9B4}.Release|Any CPU.ActiveCfg = Release|Any CPU
		{E3D7DF87-30E3-4EA3-8570-AC06A217D9B4}.Release|Any CPU.Build.0 = Release|Any CPU
	EndGlobalSection
	GlobalSection(SolutionProperties) = preSolution
		HideSolutionNode = FALSE
	EndGlobalSection
	GlobalSection(ExtensibilityGlobals) = postSolution
		SolutionGuid = {9534CB74-9DAC-4079-AAD4-655476CD66AE}
	EndGlobalSection
EndGlobal
