
Microsoft Visual Studio Solution File, Format Version 12.00
# Visual Studio 15
VisualStudioVersion = 15.0.26430.16
MinimumVisualStudioVersion = 10.0.40219.1
Project("{FAE04EC0-301F-11D3-BF4B-00C04F79EFBC}") = "Bimangle.ForgeEngine.Revit_R2020", "Bimangle.ForgeEngine.Revit\Bimangle.ForgeEngine.Revit_R2020.csproj", "{7EC57A2A-0BB4-4C25-99D2-8D7AB07BA0F7}"
EndProject
Project("{FAE04EC0-301F-11D3-BF4B-00C04F79EFBC}") = "Bimangle.ForgeEngine.Georeferncing", "Bimangle.ForgeEngine.Georeferncing\Bimangle.ForgeEngine.Georeferncing.csproj", "{3C32B366-38A8-4943-95B2-09D6427A1E66}"
EndProject
Global
	GlobalSection(SolutionConfigurationPlatforms) = preSolution
		Debug|Any CPU = Debug|Any CPU
		Release|Any CPU = Release|Any CPU
	EndGlobalSection
	GlobalSection(ProjectConfigurationPlatforms) = postSolution
		{7EC57A2A-0BB4-4C25-99D2-8D7AB07BA0F7}.Debug|Any CPU.ActiveCfg = Debug|Any CPU
		{7EC57A2A-0BB4-4C25-99D2-8D7AB07BA0F7}.Debug|Any CPU.Build.0 = Debug|Any CPU
		{7EC57A2A-0BB4-4C25-99D2-8D7AB07BA0F7}.Release|Any CPU.ActiveCfg = Release|Any CPU
		{7EC57A2A-0BB4-4C25-99D2-8D7AB07BA0F7}.Release|Any CPU.Build.0 = Release|Any CPU
		{3C32B366-38A8-4943-95B2-09D6427A1E66}.Debug|Any CPU.ActiveCfg = Debug|Any CPU
		{3C32B366-38A8-4943-95B2-09D6427A1E66}.Debug|Any CPU.Build.0 = Debug|Any CPU
		{3C32B366-38A8-4943-95B2-09D6427A1E66}.Release|Any CPU.ActiveCfg = Release|Any CPU
		{3C32B366-38A8-4943-95B2-09D6427A1E66}.Release|Any CPU.Build.0 = Release|Any CPU
	EndGlobalSection
	GlobalSection(SolutionProperties) = preSolution
		HideSolutionNode = FALSE
	EndGlobalSection
	GlobalSection(ExtensibilityGlobals) = postSolution
		SolutionGuid = {924E58CE-DE23-42C3-B915-E861A93D26A1}
	EndGlobalSection
EndGlobal
